// !$*UTF8*$!
{
	archiveVersion = 1;
	classes = {
	};
	objectVersion = 56;
	objects = {

/* Begin PBXBuildFile section */
		B20AFE742A2CCAC1004A646B /* MainVM.swift in Sources */ = {isa = PBXBuildFile; fileRef = B20AFE732A2CCAC1004A646B /* MainVM.swift */; };
		B216EAE22A227FB500A18C83 /* AppDelegate.swift in Sources */ = {isa = PBXBuildFile; fileRef = B216EAE12A227FB500A18C83 /* AppDelegate.swift */; };
		B216EAE42A227FB500A18C83 /* SceneDelegate.swift in Sources */ = {isa = PBXBuildFile; fileRef = B216EAE32A227FB500A18C83 /* SceneDelegate.swift */; };
		B216EAE62A227FB500A18C83 /* MainVC.swift in Sources */ = {isa = PBXBuildFile; fileRef = B216EAE52A227FB500A18C83 /* MainVC.swift */; };
		B216EAEB2A227FB600A18C83 /* Assets.xcassets in Resources */ = {isa = PBXBuildFile; fileRef = B216EAEA2A227FB600A18C83 /* Assets.xcassets */; };
		B216EAEE2A227FB600A18C83 /* LaunchScreen.storyboard in Resources */ = {isa = PBXBuildFile; fileRef = B216EAEC2A227FB600A18C83 /* LaunchScreen.storyboard */; };
		B216EAF92A227FB600A18C83 /* JDR_TodoTests.swift in Sources */ = {isa = PBXBuildFile; fileRef = B216EAF82A227FB600A18C83 /* JDR_TodoTests.swift */; };
		B216EB032A227FB600A18C83 /* JDR_TodoUITests.swift in Sources */ = {isa = PBXBuildFile; fileRef = B216EB022A227FB600A18C83 /* JDR_TodoUITests.swift */; };
		B216EB052A227FB600A18C83 /* JDR_TodoUITestsLaunchTests.swift in Sources */ = {isa = PBXBuildFile; fileRef = B216EB042A227FB600A18C83 /* JDR_TodoUITestsLaunchTests.swift */; };
		B25885772A2887D1001268A9 /* UIViewController+Ext.swift in Sources */ = {isa = PBXBuildFile; fileRef = B25885762A2887D1001268A9 /* UIViewController+Ext.swift */; };
		B25885792A2887F4001268A9 /* UIView+Ext.swift in Sources */ = {isa = PBXBuildFile; fileRef = B25885782A2887F4001268A9 /* UIView+Ext.swift */; };
		B258857B2A28AD26001268A9 /* SearchBarView.swift in Sources */ = {isa = PBXBuildFile; fileRef = B258857A2A28AD26001268A9 /* SearchBarView.swift */; };
		B258857E2A28B861001268A9 /* TodoTableViewCell.swift in Sources */ = {isa = PBXBuildFile; fileRef = B258857D2A28B861001268A9 /* TodoTableViewCell.swift */; };
		B25885802A28FA0F001268A9 /* TodoTableView.swift in Sources */ = {isa = PBXBuildFile; fileRef = B258857F2A28FA0F001268A9 /* TodoTableView.swift */; };
		B25885822A290BA6001268A9 /* UploadVC.swift in Sources */ = {isa = PBXBuildFile; fileRef = B25885812A290BA6001268A9 /* UploadVC.swift */; };
		B25885842A290C4C001268A9 /* DetailVC.swift in Sources */ = {isa = PBXBuildFile; fileRef = B25885832A290C4C001268A9 /* DetailVC.swift */; };
		B25885862A29108C001268A9 /* TodolistData.swift in Sources */ = {isa = PBXBuildFile; fileRef = B25885852A29108C001268A9 /* TodolistData.swift */; };
		B2964A7A2A28646E003F3179 /* SettingVC.swift in Sources */ = {isa = PBXBuildFile; fileRef = B2964A792A28646E003F3179 /* SettingVC.swift */; };
		B2964A7D2A286761003F3179 /* RxAlamofire in Frameworks */ = {isa = PBXBuildFile; productRef = B2964A7C2A286761003F3179 /* RxAlamofire */; };
		B2964A802A286795003F3179 /* RxCocoa in Frameworks */ = {isa = PBXBuildFile; productRef = B2964A7F2A286795003F3179 /* RxCocoa */; };
		B2964A822A286795003F3179 /* RxRelay in Frameworks */ = {isa = PBXBuildFile; productRef = B2964A812A286795003F3179 /* RxRelay */; };
		B2964A842A286795003F3179 /* RxSwift in Frameworks */ = {isa = PBXBuildFile; productRef = B2964A832A286795003F3179 /* RxSwift */; };
		B2964A8D2A286986003F3179 /* Then in Frameworks */ = {isa = PBXBuildFile; productRef = B2964A8C2A286986003F3179 /* Then */; };
		B2964A902A2869A6003F3179 /* SnapKit in Frameworks */ = {isa = PBXBuildFile; productRef = B2964A8F2A2869A6003F3179 /* SnapKit */; };
/* End PBXBuildFile section */

/* Begin PBXContainerItemProxy section */
		B216EAF52A227FB600A18C83 /* PBXContainerItemProxy */ = {
			isa = PBXContainerItemProxy;
			containerPortal = B216EAD62A227FB500A18C83 /* Project object */;
			proxyType = 1;
			remoteGlobalIDString = B216EADD2A227FB500A18C83;
			remoteInfo = "JDR Todo";
		};
		B216EAFF2A227FB600A18C83 /* PBXContainerItemProxy */ = {
			isa = PBXContainerItemProxy;
			containerPortal = B216EAD62A227FB500A18C83 /* Project object */;
			proxyType = 1;
			remoteGlobalIDString = B216EADD2A227FB500A18C83;
			remoteInfo = "JDR Todo";
		};
/* End PBXContainerItemProxy section */

/* Begin PBXFileReference section */
		B20AFE732A2CCAC1004A646B /* MainVM.swift */ = {isa = PBXFileReference; lastKnownFileType = sourcecode.swift; path = MainVM.swift; sourceTree = "<group>"; };
		B216EADE2A227FB500A18C83 /* JDR Todo.app */ = {isa = PBXFileReference; explicitFileType = wrapper.application; includeInIndex = 0; path = "JDR Todo.app"; sourceTree = BUILT_PRODUCTS_DIR; };
		B216EAE12A227FB500A18C83 /* AppDelegate.swift */ = {isa = PBXFileReference; lastKnownFileType = sourcecode.swift; path = AppDelegate.swift; sourceTree = "<group>"; };
		B216EAE32A227FB500A18C83 /* SceneDelegate.swift */ = {isa = PBXFileReference; lastKnownFileType = sourcecode.swift; path = SceneDelegate.swift; sourceTree = "<group>"; };
		B216EAE52A227FB500A18C83 /* MainVC.swift */ = {isa = PBXFileReference; lastKnownFileType = sourcecode.swift; path = MainVC.swift; sourceTree = "<group>"; };
		B216EAEA2A227FB600A18C83 /* Assets.xcassets */ = {isa = PBXFileReference; lastKnownFileType = folder.assetcatalog; path = Assets.xcassets; sourceTree = "<group>"; };
		B216EAED2A227FB600A18C83 /* Base */ = {isa = PBXFileReference; lastKnownFileType = file.storyboard; name = Base; path = Base.lproj/LaunchScreen.storyboard; sourceTree = "<group>"; };
		B216EAEF2A227FB600A18C83 /* Info.plist */ = {isa = PBXFileReference; lastKnownFileType = text.plist.xml; path = Info.plist; sourceTree = "<group>"; };
		B216EAF42A227FB600A18C83 /* JDR TodoTests.xctest */ = {isa = PBXFileReference; explicitFileType = wrapper.cfbundle; includeInIndex = 0; path = "JDR TodoTests.xctest"; sourceTree = BUILT_PRODUCTS_DIR; };
		B216EAF82A227FB600A18C83 /* JDR_TodoTests.swift */ = {isa = PBXFileReference; lastKnownFileType = sourcecode.swift; path = JDR_TodoTests.swift; sourceTree = "<group>"; };
		B216EAFE2A227FB600A18C83 /* JDR TodoUITests.xctest */ = {isa = PBXFileReference; explicitFileType = wrapper.cfbundle; includeInIndex = 0; path = "JDR TodoUITests.xctest"; sourceTree = BUILT_PRODUCTS_DIR; };
		B216EB022A227FB600A18C83 /* JDR_TodoUITests.swift */ = {isa = PBXFileReference; lastKnownFileType = sourcecode.swift; path = JDR_TodoUITests.swift; sourceTree = "<group>"; };
		B216EB042A227FB600A18C83 /* JDR_TodoUITestsLaunchTests.swift */ = {isa = PBXFileReference; lastKnownFileType = sourcecode.swift; path = JDR_TodoUITestsLaunchTests.swift; sourceTree = "<group>"; };
		B25885762A2887D1001268A9 /* UIViewController+Ext.swift */ = {isa = PBXFileReference; lastKnownFileType = sourcecode.swift; path = "UIViewController+Ext.swift"; sourceTree = "<group>"; };
		B25885782A2887F4001268A9 /* UIView+Ext.swift */ = {isa = PBXFileReference; lastKnownFileType = sourcecode.swift; path = "UIView+Ext.swift"; sourceTree = "<group>"; };
		B258857A2A28AD26001268A9 /* SearchBarView.swift */ = {isa = PBXFileReference; lastKnownFileType = sourcecode.swift; path = SearchBarView.swift; sourceTree = "<group>"; };
		B258857D2A28B861001268A9 /* TodoTableViewCell.swift */ = {isa = PBXFileReference; lastKnownFileType = sourcecode.swift; path = TodoTableViewCell.swift; sourceTree = "<group>"; };
		B258857F2A28FA0F001268A9 /* TodoTableView.swift */ = {isa = PBXFileReference; lastKnownFileType = sourcecode.swift; path = TodoTableView.swift; sourceTree = "<group>"; };
		B25885812A290BA6001268A9 /* UploadVC.swift */ = {isa = PBXFileReference; lastKnownFileType = sourcecode.swift; path = UploadVC.swift; sourceTree = "<group>"; };
		B25885832A290C4C001268A9 /* DetailVC.swift */ = {isa = PBXFileReference; lastKnownFileType = sourcecode.swift; path = DetailVC.swift; sourceTree = "<group>"; };
		B25885852A29108C001268A9 /* TodolistData.swift */ = {isa = PBXFileReference; lastKnownFileType = sourcecode.swift; path = TodolistData.swift; sourceTree = "<group>"; };
		B2964A792A28646E003F3179 /* SettingVC.swift */ = {isa = PBXFileReference; lastKnownFileType = sourcecode.swift; path = SettingVC.swift; sourceTree = "<group>"; };
/* End PBXFileReference section */

/* Begin PBXFrameworksBuildPhase section */
		B216EADB2A227FB500A18C83 /* Frameworks */ = {
			isa = PBXFrameworksBuildPhase;
			buildActionMask = 2147483647;
			files = (
				B2964A8D2A286986003F3179 /* Then in Frameworks */,
				B2964A822A286795003F3179 /* RxRelay in Frameworks */,
				B2964A802A286795003F3179 /* RxCocoa in Frameworks */,
				B2964A902A2869A6003F3179 /* SnapKit in Frameworks */,
				B2964A842A286795003F3179 /* RxSwift in Frameworks */,
				B2964A7D2A286761003F3179 /* RxAlamofire in Frameworks */,
			);
			runOnlyForDeploymentPostprocessing = 0;
		};
		B216EAF12A227FB600A18C83 /* Frameworks */ = {
			isa = PBXFrameworksBuildPhase;
			buildActionMask = 2147483647;
			files = (
			);
			runOnlyForDeploymentPostprocessing = 0;
		};
		B216EAFB2A227FB600A18C83 /* Frameworks */ = {
			isa = PBXFrameworksBuildPhase;
			buildActionMask = 2147483647;
			files = (
			);
			runOnlyForDeploymentPostprocessing = 0;
		};
/* End PBXFrameworksBuildPhase section */

/* Begin PBXGroup section */
		B20AFE722A2CC9FE004A646B /* ViewModels */ = {
			isa = PBXGroup;
			children = (
				B20AFE732A2CCAC1004A646B /* MainVM.swift */,
			);
			path = ViewModels;
			sourceTree = "<group>";
		};
		B216EAD52A227FB500A18C83 = {
			isa = PBXGroup;
			children = (
				B216EAE02A227FB500A18C83 /* JDR Todo */,
				B216EAF72A227FB600A18C83 /* JDR TodoTests */,
				B216EB012A227FB600A18C83 /* JDR TodoUITests */,
				B216EADF2A227FB500A18C83 /* Products */,
			);
			sourceTree = "<group>";
		};
		B216EADF2A227FB500A18C83 /* Products */ = {
			isa = PBXGroup;
			children = (
				B216EADE2A227FB500A18C83 /* JDR Todo.app */,
				B216EAF42A227FB600A18C83 /* JDR TodoTests.xctest */,
				B216EAFE2A227FB600A18C83 /* JDR TodoUITests.xctest */,
			);
			name = Products;
			sourceTree = "<group>";
		};
		B216EAE02A227FB500A18C83 /* JDR Todo */ = {
			isa = PBXGroup;
			children = (
				B216EAE12A227FB500A18C83 /* AppDelegate.swift */,
				B216EAE32A227FB500A18C83 /* SceneDelegate.swift */,
				B20AFE722A2CC9FE004A646B /* ViewModels */,
				B2964A862A2867C7003F3179 /* Controllers */,
				B2964A872A2867D5003F3179 /* Components */,
				B2964A852A2867BF003F3179 /* Models */,
				B2964A882A286925003F3179 /* Networking */,
				B2964A892A286939003F3179 /* Extentions */,
				B2964A8A2A28693F003F3179 /* Helper */,
				B216EAEA2A227FB600A18C83 /* Assets.xcassets */,
				B216EAEC2A227FB600A18C83 /* LaunchScreen.storyboard */,
				B216EAEF2A227FB600A18C83 /* Info.plist */,
			);
			path = "JDR Todo";
			sourceTree = "<group>";
		};
		B216EAF72A227FB600A18C83 /* JDR TodoTests */ = {
			isa = PBXGroup;
			children = (
				B216EAF82A227FB600A18C83 /* JDR_TodoTests.swift */,
			);
			path = "JDR TodoTests";
			sourceTree = "<group>";
		};
		B216EB012A227FB600A18C83 /* JDR TodoUITests */ = {
			isa = PBXGroup;
			children = (
				B216EB022A227FB600A18C83 /* JDR_TodoUITests.swift */,
				B216EB042A227FB600A18C83 /* JDR_TodoUITestsLaunchTests.swift */,
			);
			path = "JDR TodoUITests";
			sourceTree = "<group>";
		};
		B258857C2A28B838001268A9 /* Cells */ = {
			isa = PBXGroup;
			children = (
				B258857D2A28B861001268A9 /* TodoTableViewCell.swift */,
			);
			path = Cells;
			sourceTree = "<group>";
		};
		B2964A852A2867BF003F3179 /* Models */ = {
			isa = PBXGroup;
			children = (
				B25885852A29108C001268A9 /* TodolistData.swift */,
			);
			path = Models;
			sourceTree = "<group>";
		};
		B2964A862A2867C7003F3179 /* Controllers */ = {
			isa = PBXGroup;
			children = (
				B216EAE52A227FB500A18C83 /* MainVC.swift */,
				B2964A792A28646E003F3179 /* SettingVC.swift */,
				B25885812A290BA6001268A9 /* UploadVC.swift */,
				B25885832A290C4C001268A9 /* DetailVC.swift */,
			);
			path = Controllers;
			sourceTree = "<group>";
		};
		B2964A872A2867D5003F3179 /* Components */ = {
			isa = PBXGroup;
			children = (
				B258857A2A28AD26001268A9 /* SearchBarView.swift */,
				B258857F2A28FA0F001268A9 /* TodoTableView.swift */,
				B258857C2A28B838001268A9 /* Cells */,
			);
			path = Components;
			sourceTree = "<group>";
		};
		B2964A882A286925003F3179 /* Networking */ = {
			isa = PBXGroup;
			children = (
			);
			path = Networking;
			sourceTree = "<group>";
		};
		B2964A892A286939003F3179 /* Extentions */ = {
			isa = PBXGroup;
			children = (
				B25885762A2887D1001268A9 /* UIViewController+Ext.swift */,
				B25885782A2887F4001268A9 /* UIView+Ext.swift */,
			);
			path = Extentions;
			sourceTree = "<group>";
		};
		B2964A8A2A28693F003F3179 /* Helper */ = {
			isa = PBXGroup;
			children = (
			);
			path = Helper;
			sourceTree = "<group>";
		};
/* End PBXGroup section */

/* Begin PBXNativeTarget section */
		B216EADD2A227FB500A18C83 /* JDR Todo */ = {
			isa = PBXNativeTarget;
			buildConfigurationList = B216EB082A227FB600A18C83 /* Build configuration list for PBXNativeTarget "JDR Todo" */;
			buildPhases = (
				B216EADA2A227FB500A18C83 /* Sources */,
				B216EADB2A227FB500A18C83 /* Frameworks */,
				B216EADC2A227FB500A18C83 /* Resources */,
			);
			buildRules = (
			);
			dependencies = (
			);
			name = "JDR Todo";
			packageProductDependencies = (
				B2964A7C2A286761003F3179 /* RxAlamofire */,
				B2964A7F2A286795003F3179 /* RxCocoa */,
				B2964A812A286795003F3179 /* RxRelay */,
				B2964A832A286795003F3179 /* RxSwift */,
				B2964A8C2A286986003F3179 /* Then */,
				B2964A8F2A2869A6003F3179 /* SnapKit */,
			);
			productName = "JDR Todo";
			productReference = B216EADE2A227FB500A18C83 /* JDR Todo.app */;
			productType = "com.apple.product-type.application";
		};
		B216EAF32A227FB600A18C83 /* JDR TodoTests */ = {
			isa = PBXNativeTarget;
			buildConfigurationList = B216EB0B2A227FB600A18C83 /* Build configuration list for PBXNativeTarget "JDR TodoTests" */;
			buildPhases = (
				B216EAF02A227FB600A18C83 /* Sources */,
				B216EAF12A227FB600A18C83 /* Frameworks */,
				B216EAF22A227FB600A18C83 /* Resources */,
			);
			buildRules = (
			);
			dependencies = (
				B216EAF62A227FB600A18C83 /* PBXTargetDependency */,
			);
			name = "JDR TodoTests";
			productName = "JDR TodoTests";
			productReference = B216EAF42A227FB600A18C83 /* JDR TodoTests.xctest */;
			productType = "com.apple.product-type.bundle.unit-test";
		};
		B216EAFD2A227FB600A18C83 /* JDR TodoUITests */ = {
			isa = PBXNativeTarget;
			buildConfigurationList = B216EB0E2A227FB600A18C83 /* Build configuration list for PBXNativeTarget "JDR TodoUITests" */;
			buildPhases = (
				B216EAFA2A227FB600A18C83 /* Sources */,
				B216EAFB2A227FB600A18C83 /* Frameworks */,
				B216EAFC2A227FB600A18C83 /* Resources */,
			);
			buildRules = (
			);
			dependencies = (
				B216EB002A227FB600A18C83 /* PBXTargetDependency */,
			);
			name = "JDR TodoUITests";
			productName = "JDR TodoUITests";
			productReference = B216EAFE2A227FB600A18C83 /* JDR TodoUITests.xctest */;
			productType = "com.apple.product-type.bundle.ui-testing";
		};
/* End PBXNativeTarget section */

/* Begin PBXProject section */
		B216EAD62A227FB500A18C83 /* Project object */ = {
			isa = PBXProject;
			attributes = {
				BuildIndependentTargetsInParallel = 1;
				LastSwiftUpdateCheck = 1430;
				LastUpgradeCheck = 1430;
				TargetAttributes = {
					B216EADD2A227FB500A18C83 = {
						CreatedOnToolsVersion = 14.3;
					};
					B216EAF32A227FB600A18C83 = {
						CreatedOnToolsVersion = 14.3;
						TestTargetID = B216EADD2A227FB500A18C83;
					};
					B216EAFD2A227FB600A18C83 = {
						CreatedOnToolsVersion = 14.3;
						TestTargetID = B216EADD2A227FB500A18C83;
					};
				};
			};
			buildConfigurationList = B216EAD92A227FB500A18C83 /* Build configuration list for PBXProject "JDR Todo" */;
			compatibilityVersion = "Xcode 14.0";
			developmentRegion = en;
			hasScannedForEncodings = 0;
			knownRegions = (
				en,
				Base,
			);
			mainGroup = B216EAD52A227FB500A18C83;
			packageReferences = (
				B2964A7B2A286761003F3179 /* XCRemoteSwiftPackageReference "RxAlamofire" */,
				B2964A7E2A286795003F3179 /* XCRemoteSwiftPackageReference "RxSwift" */,
				B2964A8B2A286986003F3179 /* XCRemoteSwiftPackageReference "Then" */,
				B2964A8E2A2869A6003F3179 /* XCRemoteSwiftPackageReference "SnapKit" */,
			);
			productRefGroup = B216EADF2A227FB500A18C83 /* Products */;
			projectDirPath = "";
			projectRoot = "";
			targets = (
				B216EADD2A227FB500A18C83 /* JDR Todo */,
				B216EAF32A227FB600A18C83 /* JDR TodoTests */,
				B216EAFD2A227FB600A18C83 /* JDR TodoUITests */,
			);
		};
/* End PBXProject section */

/* Begin PBXResourcesBuildPhase section */
		B216EADC2A227FB500A18C83 /* Resources */ = {
			isa = PBXResourcesBuildPhase;
			buildActionMask = 2147483647;
			files = (
				B216EAEE2A227FB600A18C83 /* LaunchScreen.storyboard in Resources */,
				B216EAEB2A227FB600A18C83 /* Assets.xcassets in Resources */,
			);
			runOnlyForDeploymentPostprocessing = 0;
		};
		B216EAF22A227FB600A18C83 /* Resources */ = {
			isa = PBXResourcesBuildPhase;
			buildActionMask = 2147483647;
			files = (
			);
			runOnlyForDeploymentPostprocessing = 0;
		};
		B216EAFC2A227FB600A18C83 /* Resources */ = {
			isa = PBXResourcesBuildPhase;
			buildActionMask = 2147483647;
			files = (
			);
			runOnlyForDeploymentPostprocessing = 0;
		};
/* End PBXResourcesBuildPhase section */

/* Begin PBXSourcesBuildPhase section */
		B216EADA2A227FB500A18C83 /* Sources */ = {
			isa = PBXSourcesBuildPhase;
			buildActionMask = 2147483647;
			files = (
				B25885802A28FA0F001268A9 /* TodoTableView.swift in Sources */,
				B216EAE62A227FB500A18C83 /* MainVC.swift in Sources */,
				B25885772A2887D1001268A9 /* UIViewController+Ext.swift in Sources */,
				B25885822A290BA6001268A9 /* UploadVC.swift in Sources */,
				B25885842A290C4C001268A9 /* DetailVC.swift in Sources */,
				B258857E2A28B861001268A9 /* TodoTableViewCell.swift in Sources */,
				B216EAE22A227FB500A18C83 /* AppDelegate.swift in Sources */,
				B258857B2A28AD26001268A9 /* SearchBarView.swift in Sources */,
				B25885792A2887F4001268A9 /* UIView+Ext.swift in Sources */,
				B25885862A29108C001268A9 /* TodolistData.swift in Sources */,
				B2964A7A2A28646E003F3179 /* SettingVC.swift in Sources */,
				B20AFE742A2CCAC1004A646B /* MainVM.swift in Sources */,
				B216EAE42A227FB500A18C83 /* SceneDelegate.swift in Sources */,
			);
			runOnlyForDeploymentPostprocessing = 0;
		};
		B216EAF02A227FB600A18C83 /* Sources */ = {
			isa = PBXSourcesBuildPhase;
			buildActionMask = 2147483647;
			files = (
				B216EAF92A227FB600A18C83 /* JDR_TodoTests.swift in Sources */,
			);
			runOnlyForDeploymentPostprocessing = 0;
		};
		B216EAFA2A227FB600A18C83 /* Sources */ = {
			isa = PBXSourcesBuildPhase;
			buildActionMask = 2147483647;
			files = (
				B216EB052A227FB600A18C83 /* JDR_TodoUITestsLaunchTests.swift in Sources */,
				B216EB032A227FB600A18C83 /* JDR_TodoUITests.swift in Sources */,
			);
			runOnlyForDeploymentPostprocessing = 0;
		};
/* End PBXSourcesBuildPhase section */

/* Begin PBXTargetDependency section */
		B216EAF62A227FB600A18C83 /* PBXTargetDependency */ = {
			isa = PBXTargetDependency;
			target = B216EADD2A227FB500A18C83 /* JDR Todo */;
			targetProxy = B216EAF52A227FB600A18C83 /* PBXContainerItemProxy */;
		};
		B216EB002A227FB600A18C83 /* PBXTargetDependency */ = {
			isa = PBXTargetDependency;
			target = B216EADD2A227FB500A18C83 /* JDR Todo */;
			targetProxy = B216EAFF2A227FB600A18C83 /* PBXContainerItemProxy */;
		};
/* End PBXTargetDependency section */

/* Begin PBXVariantGroup section */
		B216EAEC2A227FB600A18C83 /* LaunchScreen.storyboard */ = {
			isa = PBXVariantGroup;
			children = (
				B216EAED2A227FB600A18C83 /* Base */,
			);
			name = LaunchScreen.storyboard;
			sourceTree = "<group>";
		};
/* End PBXVariantGroup section */

/* Begin XCBuildConfiguration section */
		B216EB062A227FB600A18C83 /* Debug */ = {
			isa = XCBuildConfiguration;
			buildSettings = {
				ALWAYS_SEARCH_USER_PATHS = NO;
				CLANG_ANALYZER_NONNULL = YES;
				CLANG_ANALYZER_NUMBER_OBJECT_CONVERSION = YES_AGGRESSIVE;
				CLANG_CXX_LANGUAGE_STANDARD = "gnu++20";
				CLANG_ENABLE_MODULES = YES;
				CLANG_ENABLE_OBJC_ARC = YES;
				CLANG_ENABLE_OBJC_WEAK = YES;
				CLANG_WARN_BLOCK_CAPTURE_AUTORELEASING = YES;
				CLANG_WARN_BOOL_CONVERSION = YES;
				CLANG_WARN_COMMA = YES;
				CLANG_WARN_CONSTANT_CONVERSION = YES;
				CLANG_WARN_DEPRECATED_OBJC_IMPLEMENTATIONS = YES;
				CLANG_WARN_DIRECT_OBJC_ISA_USAGE = YES_ERROR;
				CLANG_WARN_DOCUMENTATION_COMMENTS = YES;
				CLANG_WARN_EMPTY_BODY = YES;
				CLANG_WARN_ENUM_CONVERSION = YES;
				CLANG_WARN_INFINITE_RECURSION = YES;
				CLANG_WARN_INT_CONVERSION = YES;
				CLANG_WARN_NON_LITERAL_NULL_CONVERSION = YES;
				CLANG_WARN_OBJC_IMPLICIT_RETAIN_SELF = YES;
				CLANG_WARN_OBJC_LITERAL_CONVERSION = YES;
				CLANG_WARN_OBJC_ROOT_CLASS = YES_ERROR;
				CLANG_WARN_QUOTED_INCLUDE_IN_FRAMEWORK_HEADER = YES;
				CLANG_WARN_RANGE_LOOP_ANALYSIS = YES;
				CLANG_WARN_STRICT_PROTOTYPES = YES;
				CLANG_WARN_SUSPICIOUS_MOVE = YES;
				CLANG_WARN_UNGUARDED_AVAILABILITY = YES_AGGRESSIVE;
				CLANG_WARN_UNREACHABLE_CODE = YES;
				CLANG_WARN__DUPLICATE_METHOD_MATCH = YES;
				COPY_PHASE_STRIP = NO;
				DEBUG_INFORMATION_FORMAT = dwarf;
				ENABLE_STRICT_OBJC_MSGSEND = YES;
				ENABLE_TESTABILITY = YES;
				GCC_C_LANGUAGE_STANDARD = gnu11;
				GCC_DYNAMIC_NO_PIC = NO;
				GCC_NO_COMMON_BLOCKS = YES;
				GCC_OPTIMIZATION_LEVEL = 0;
				GCC_PREPROCESSOR_DEFINITIONS = (
					"DEBUG=1",
					"$(inherited)",
				);
				GCC_WARN_64_TO_32_BIT_CONVERSION = YES;
				GCC_WARN_ABOUT_RETURN_TYPE = YES_ERROR;
				GCC_WARN_UNDECLARED_SELECTOR = YES;
				GCC_WARN_UNINITIALIZED_AUTOS = YES_AGGRESSIVE;
				GCC_WARN_UNUSED_FUNCTION = YES;
				GCC_WARN_UNUSED_VARIABLE = YES;
				IPHONEOS_DEPLOYMENT_TARGET = 16.4;
				MTL_ENABLE_DEBUG_INFO = INCLUDE_SOURCE;
				MTL_FAST_MATH = YES;
				ONLY_ACTIVE_ARCH = YES;
				SDKROOT = iphoneos;
				SWIFT_ACTIVE_COMPILATION_CONDITIONS = DEBUG;
				SWIFT_OPTIMIZATION_LEVEL = "-Onone";
			};
			name = Debug;
		};
		B216EB072A227FB600A18C83 /* Release */ = {
			isa = XCBuildConfiguration;
			buildSettings = {
				ALWAYS_SEARCH_USER_PATHS = NO;
				CLANG_ANALYZER_NONNULL = YES;
				CLANG_ANALYZER_NUMBER_OBJECT_CONVERSION = YES_AGGRESSIVE;
				CLANG_CXX_LANGUAGE_STANDARD = "gnu++20";
				CLANG_ENABLE_MODULES = YES;
				CLANG_ENABLE_OBJC_ARC = YES;
				CLANG_ENABLE_OBJC_WEAK = YES;
				CLANG_WARN_BLOCK_CAPTURE_AUTORELEASING = YES;
				CLANG_WARN_BOOL_CONVERSION = YES;
				CLANG_WARN_COMMA = YES;
				CLANG_WARN_CONSTANT_CONVERSION = YES;
				CLANG_WARN_DEPRECATED_OBJC_IMPLEMENTATIONS = YES;
				CLANG_WARN_DIRECT_OBJC_ISA_USAGE = YES_ERROR;
				CLANG_WARN_DOCUMENTATION_COMMENTS = YES;
				CLANG_WARN_EMPTY_BODY = YES;
				CLANG_WARN_ENUM_CONVERSION = YES;
				CLANG_WARN_INFINITE_RECURSION = YES;
				CLANG_WARN_INT_CONVERSION = YES;
				CLANG_WARN_NON_LITERAL_NULL_CONVERSION = YES;
				CLANG_WARN_OBJC_IMPLICIT_RETAIN_SELF = YES;
				CLANG_WARN_OBJC_LITERAL_CONVERSION = YES;
				CLANG_WARN_OBJC_ROOT_CLASS = YES_ERROR;
				CLANG_WARN_QUOTED_INCLUDE_IN_FRAMEWORK_HEADER = YES;
				CLANG_WARN_RANGE_LOOP_ANALYSIS = YES;
				CLANG_WARN_STRICT_PROTOTYPES = YES;
				CLANG_WARN_SUSPICIOUS_MOVE = YES;
				CLANG_WARN_UNGUARDED_AVAILABILITY = YES_AGGRESSIVE;
				CLANG_WARN_UNREACHABLE_CODE = YES;
				CLANG_WARN__DUPLICATE_METHOD_MATCH = YES;
				COPY_PHASE_STRIP = NO;
				DEBUG_INFORMATION_FORMAT = "dwarf-with-dsym";
				ENABLE_NS_ASSERTIONS = NO;
				ENABLE_STRICT_OBJC_MSGSEND = YES;
				GCC_C_LANGUAGE_STANDARD = gnu11;
				GCC_NO_COMMON_BLOCKS = YES;
				GCC_WARN_64_TO_32_BIT_CONVERSION = YES;
				GCC_WARN_ABOUT_RETURN_TYPE = YES_ERROR;
				GCC_WARN_UNDECLARED_SELECTOR = YES;
				GCC_WARN_UNINITIALIZED_AUTOS = YES_AGGRESSIVE;
				GCC_WARN_UNUSED_FUNCTION = YES;
				GCC_WARN_UNUSED_VARIABLE = YES;
				IPHONEOS_DEPLOYMENT_TARGET = 16.4;
				MTL_ENABLE_DEBUG_INFO = NO;
				MTL_FAST_MATH = YES;
				SDKROOT = iphoneos;
				SWIFT_COMPILATION_MODE = wholemodule;
				SWIFT_OPTIMIZATION_LEVEL = "-O";
				VALIDATE_PRODUCT = YES;
			};
			name = Release;
		};
		B216EB092A227FB600A18C83 /* Debug */ = {
			isa = XCBuildConfiguration;
			buildSettings = {
				ASSETCATALOG_COMPILER_APPICON_NAME = AppIcon;
				ASSETCATALOG_COMPILER_GLOBAL_ACCENT_COLOR_NAME = AccentColor;
				CODE_SIGN_STYLE = Automatic;
				CURRENT_PROJECT_VERSION = 1;
				DEVELOPMENT_TEAM = 55M8D74RGH;
				GENERATE_INFOPLIST_FILE = YES;
				INFOPLIST_FILE = "JDR Todo/Info.plist";
				INFOPLIST_KEY_UIApplicationSupportsIndirectInputEvents = YES;
				INFOPLIST_KEY_UILaunchStoryboardName = LaunchScreen;
				INFOPLIST_KEY_UISupportedInterfaceOrientations = UIInterfaceOrientationPortrait;
				INFOPLIST_KEY_UISupportedInterfaceOrientations_iPad = "UIInterfaceOrientationLandscapeLeft UIInterfaceOrientationLandscapeRight UIInterfaceOrientationPortrait UIInterfaceOrientationPortraitUpsideDown";
				IPHONEOS_DEPLOYMENT_TARGET = 15.0;
				LD_RUNPATH_SEARCH_PATHS = (
					"$(inherited)",
					"@executable_path/Frameworks",
				);
				MARKETING_VERSION = 1.0;
				PRODUCT_BUNDLE_IDENTIFIER = "com.avocadojapan.JDR-Todo";
				PRODUCT_NAME = "$(TARGET_NAME)";
				SUPPORTED_PLATFORMS = "iphoneos iphonesimulator";
				SUPPORTS_MACCATALYST = NO;
				SUPPORTS_MAC_DESIGNED_FOR_IPHONE_IPAD = NO;
				SWIFT_EMIT_LOC_STRINGS = YES;
				SWIFT_VERSION = 5.0;
				TARGETED_DEVICE_FAMILY = 1;
			};
			name = Debug;
		};
		B216EB0A2A227FB600A18C83 /* Release */ = {
			isa = XCBuildConfiguration;
			buildSettings = {
				ASSETCATALOG_COMPILER_APPICON_NAME = AppIcon;
				ASSETCATALOG_COMPILER_GLOBAL_ACCENT_COLOR_NAME = AccentColor;
				CODE_SIGN_STYLE = Automatic;
				CURRENT_PROJECT_VERSION = 1;
				DEVELOPMENT_TEAM = 55M8D74RGH;
				GENERATE_INFOPLIST_FILE = YES;
				INFOPLIST_FILE = "JDR Todo/Info.plist";
				INFOPLIST_KEY_UIApplicationSupportsIndirectInputEvents = YES;
				INFOPLIST_KEY_UILaunchStoryboardName = LaunchScreen;
				INFOPLIST_KEY_UISupportedInterfaceOrientations = UIInterfaceOrientationPortrait;
				INFOPLIST_KEY_UISupportedInterfaceOrientations_iPad = "UIInterfaceOrientationLandscapeLeft UIInterfaceOrientationLandscapeRight UIInterfaceOrientationPortrait UIInterfaceOrientationPortraitUpsideDown";
				IPHONEOS_DEPLOYMENT_TARGET = 15.0;
				LD_RUNPATH_SEARCH_PATHS = (
					"$(inherited)",
					"@executable_path/Frameworks",
				);
				MARKETING_VERSION = 1.0;
				PRODUCT_BUNDLE_IDENTIFIER = "com.avocadojapan.JDR-Todo";
				PRODUCT_NAME = "$(TARGET_NAME)";
				SUPPORTED_PLATFORMS = "iphoneos iphonesimulator";
				SUPPORTS_MACCATALYST = NO;
				SUPPORTS_MAC_DESIGNED_FOR_IPHONE_IPAD = NO;
				SWIFT_EMIT_LOC_STRINGS = YES;
				SWIFT_VERSION = 5.0;
				TARGETED_DEVICE_FAMILY = 1;
			};
			name = Release;
		};
		B216EB0C2A227FB600A18C83 /* Debug */ = {
			isa = XCBuildConfiguration;
			buildSettings = {
				ALWAYS_EMBED_SWIFT_STANDARD_LIBRARIES = YES;
				BUNDLE_LOADER = "$(TEST_HOST)";
				CODE_SIGN_STYLE = Automatic;
				CURRENT_PROJECT_VERSION = 1;
				DEVELOPMENT_TEAM = 55M8D74RGH;
				GENERATE_INFOPLIST_FILE = YES;
				IPHONEOS_DEPLOYMENT_TARGET = 16.4;
				MARKETING_VERSION = 1.0;
				PRODUCT_BUNDLE_IDENTIFIER = "com.avocadojapan.JDR-TodoTests";
				PRODUCT_NAME = "$(TARGET_NAME)";
				SWIFT_EMIT_LOC_STRINGS = NO;
				SWIFT_VERSION = 5.0;
				TARGETED_DEVICE_FAMILY = "1,2";
				TEST_HOST = "$(BUILT_PRODUCTS_DIR)/JDR Todo.app/$(BUNDLE_EXECUTABLE_FOLDER_PATH)/JDR Todo";
			};
			name = Debug;
		};
		B216EB0D2A227FB600A18C83 /* Release */ = {
			isa = XCBuildConfiguration;
			buildSettings = {
				ALWAYS_EMBED_SWIFT_STANDARD_LIBRARIES = YES;
				BUNDLE_LOADER = "$(TEST_HOST)";
				CODE_SIGN_STYLE = Automatic;
				CURRENT_PROJECT_VERSION = 1;
				DEVELOPMENT_TEAM = 55M8D74RGH;
				GENERATE_INFOPLIST_FILE = YES;
				IPHONEOS_DEPLOYMENT_TARGET = 16.4;
				MARKETING_VERSION = 1.0;
				PRODUCT_BUNDLE_IDENTIFIER = "com.avocadojapan.JDR-TodoTests";
				PRODUCT_NAME = "$(TARGET_NAME)";
				SWIFT_EMIT_LOC_STRINGS = NO;
				SWIFT_VERSION = 5.0;
				TARGETED_DEVICE_FAMILY = "1,2";
				TEST_HOST = "$(BUILT_PRODUCTS_DIR)/JDR Todo.app/$(BUNDLE_EXECUTABLE_FOLDER_PATH)/JDR Todo";
			};
			name = Release;
		};
		B216EB0F2A227FB600A18C83 /* Debug */ = {
			isa = XCBuildConfiguration;
			buildSettings = {
				ALWAYS_EMBED_SWIFT_STANDARD_LIBRARIES = YES;
				CODE_SIGN_STYLE = Automatic;
				CURRENT_PROJECT_VERSION = 1;
				DEVELOPMENT_TEAM = 55M8D74RGH;
				GENERATE_INFOPLIST_FILE = YES;
				MARKETING_VERSION = 1.0;
				PRODUCT_BUNDLE_IDENTIFIER = "com.avocadojapan.JDR-TodoUITests";
				PRODUCT_NAME = "$(TARGET_NAME)";
				SWIFT_EMIT_LOC_STRINGS = NO;
				SWIFT_VERSION = 5.0;
				TARGETED_DEVICE_FAMILY = "1,2";
				TEST_TARGET_NAME = "JDR Todo";
			};
			name = Debug;
		};
		B216EB102A227FB600A18C83 /* Release */ = {
			isa = XCBuildConfiguration;
			buildSettings = {
				ALWAYS_EMBED_SWIFT_STANDARD_LIBRARIES = YES;
				CODE_SIGN_STYLE = Automatic;
				CURRENT_PROJECT_VERSION = 1;
				DEVELOPMENT_TEAM = 55M8D74RGH;
				GENERATE_INFOPLIST_FILE = YES;
				MARKETING_VERSION = 1.0;
				PRODUCT_BUNDLE_IDENTIFIER = "com.avocadojapan.JDR-TodoUITests";
				PRODUCT_NAME = "$(TARGET_NAME)";
				SWIFT_EMIT_LOC_STRINGS = NO;
				SWIFT_VERSION = 5.0;
				TARGETED_DEVICE_FAMILY = "1,2";
				TEST_TARGET_NAME = "JDR Todo";
			};
			name = Release;
		};
/* End XCBuildConfiguration section */

/* Begin XCConfigurationList section */
		B216EAD92A227FB500A18C83 /* Build configuration list for PBXProject "JDR Todo" */ = {
			isa = XCConfigurationList;
			buildConfigurations = (
				B216EB062A227FB600A18C83 /* Debug */,
				B216EB072A227FB600A18C83 /* Release */,
			);
			defaultConfigurationIsVisible = 0;
			defaultConfigurationName = Release;
		};
		B216EB082A227FB600A18C83 /* Build configuration list for PBXNativeTarget "JDR Todo" */ = {
			isa = XCConfigurationList;
			buildConfigurations = (
				B216EB092A227FB600A18C83 /* Debug */,
				B216EB0A2A227FB600A18C83 /* Release */,
			);
			defaultConfigurationIsVisible = 0;
			defaultConfigurationName = Release;
		};
		B216EB0B2A227FB600A18C83 /* Build configuration list for PBXNativeTarget "JDR TodoTests" */ = {
			isa = XCConfigurationList;
			buildConfigurations = (
				B216EB0C2A227FB600A18C83 /* Debug */,
				B216EB0D2A227FB600A18C83 /* Release */,
			);
			defaultConfigurationIsVisible = 0;
			defaultConfigurationName = Release;
		};
		B216EB0E2A227FB600A18C83 /* Build configuration list for PBXNativeTarget "JDR TodoUITests" */ = {
			isa = XCConfigurationList;
			buildConfigurations = (
				B216EB0F2A227FB600A18C83 /* Debug */,
				B216EB102A227FB600A18C83 /* Release */,
			);
			defaultConfigurationIsVisible = 0;
			defaultConfigurationName = Release;
		};
/* End XCConfigurationList section */

/* Begin XCRemoteSwiftPackageReference section */
		B2964A7B2A286761003F3179 /* XCRemoteSwiftPackageReference "RxAlamofire" */ = {
			isa = XCRemoteSwiftPackageReference;
			repositoryURL = "https://github.com/RxSwiftCommunity/RxAlamofire.git";
			requirement = {
				kind = upToNextMajorVersion;
				minimumVersion = 6.0.0;
			};
		};
		B2964A7E2A286795003F3179 /* XCRemoteSwiftPackageReference "RxSwift" */ = {
			isa = XCRemoteSwiftPackageReference;
			repositoryURL = "https://github.com/ReactiveX/RxSwift.git";
			requirement = {
				kind = upToNextMajorVersion;
				minimumVersion = 6.0.0;
			};
		};
		B2964A8B2A286986003F3179 /* XCRemoteSwiftPackageReference "Then" */ = {
			isa = XCRemoteSwiftPackageReference;
			repositoryURL = "https://github.com/devxoul/Then";
			requirement = {
				kind = upToNextMajorVersion;
				minimumVersion = 3.0.0;
			};
		};
		B2964A8E2A2869A6003F3179 /* XCRemoteSwiftPackageReference "SnapKit" */ = {
			isa = XCRemoteSwiftPackageReference;
			repositoryURL = "https://github.com/SnapKit/SnapKit.git";
			requirement = {
				kind = upToNextMajorVersion;
				minimumVersion = 5.0.0;
			};
		};
/* End XCRemoteSwiftPackageReference section */

/* Begin XCSwiftPackageProductDependency section */
		B2964A7C2A286761003F3179 /* RxAlamofire */ = {
			isa = XCSwiftPackageProductDependency;
			package = B2964A7B2A286761003F3179 /* XCRemoteSwiftPackageReference "RxAlamofire" */;
			productName = RxAlamofire;
		};
		B2964A7F2A286795003F3179 /* RxCocoa */ = {
			isa = XCSwiftPackageProductDependency;
			package = B2964A7E2A286795003F3179 /* XCRemoteSwiftPackageReference "RxSwift" */;
			productName = RxCocoa;
		};
		B2964A812A286795003F3179 /* RxRelay */ = {
			isa = XCSwiftPackageProductDependency;
			package = B2964A7E2A286795003F3179 /* XCRemoteSwiftPackageReference "RxSwift" */;
			productName = RxRelay;
		};
		B2964A832A286795003F3179 /* RxSwift */ = {
			isa = XCSwiftPackageProductDependency;
			package = B2964A7E2A286795003F3179 /* XCRemoteSwiftPackageReference "RxSwift" */;
			productName = RxSwift;
		};
		B2964A8C2A286986003F3179 /* Then */ = {
			isa = XCSwiftPackageProductDependency;
			package = B2964A8B2A286986003F3179 /* XCRemoteSwiftPackageReference "Then" */;
			productName = Then;
		};
		B2964A8F2A2869A6003F3179 /* SnapKit */ = {
			isa = XCSwiftPackageProductDependency;
			package = B2964A8E2A2869A6003F3179 /* XCRemoteSwiftPackageReference "SnapKit" */;
			productName = SnapKit;
		};
/* End XCSwiftPackageProductDependency section */
	};
	rootObject = B216EAD62A227FB500A18C83 /* Project object */;
}
